
Microsoft Visual Studio Solution File, Format Version 12.00
# Visual Studio Version 17
VisualStudioVersion = 17.3.32929.385
MinimumVisualStudioVersion = 10.0.40219.1
Project("{FAE04EC0-301F-11D3-BF4B-00C04F79EFBC}") = "ObjetosProjeto", "ObjetosProjeto\ObjetosProjeto.csproj", "{FD9BE7E9-AD10-4E6D-8D16-95FB6BADDA37}"
EndProject
Global
	GlobalSection(SolutionConfigurationPlatforms) = preSolution
		Debug|Any CPU = Debug|Any CPU
		Release|Any CPU = Release|Any CPU
	EndGlobalSection
	GlobalSection(ProjectConfigurationPlatforms) = postSolution
		{FD9BE7E9-AD10-4E6D-8D16-95FB6BADDA37}.Debug|Any CPU.ActiveCfg = Debug|Any CPU
		{FD9BE7E9-AD10-4E6D-8D16-95FB6BADDA37}.Debug|Any CPU.Build.0 = Debug|Any CPU
		{FD9BE7E9-AD10-4E6D-8D16-95FB6BADDA37}.Release|Any CPU.ActiveCfg = Release|Any CPU
		{FD9BE7E9-AD10-4E6D-8D16-95FB6BADDA37}.Release|Any CPU.Build.0 = Release|Any CPU
	EndGlobalSection
	GlobalSection(SolutionProperties) = preSolution
		HideSolutionNode = FALSE
	EndGlobalSection
	GlobalSection(ExtensibilityGlobals) = postSolution
		SolutionGuid = {F1C86156-9E21-4AE0-A973-A17D19F2E125}
	EndGlobalSection
EndGlobal
